
Microsoft Visual Studio Solution File, Format Version 12.00
# Visual Studio Version 16
VisualStudioVersion = 16.0.30406.217
MinimumVisualStudioVersion = 10.0.40219.1
Project("{E24C65DC-7377-472B-9ABA-BC803B73C61A}") = "PatientFacingAppEpic", ".", "{328E46CE-A840-4D75-8588-C8E899C50FBC}"
	ProjectSection(WebsiteProperties) = preProject
		TargetFrameworkMoniker = ".NETFramework,Version%3Dv4.0"
		Debug.AspNetCompiler.VirtualPath = "/localhost_65042"
		Debug.AspNetCompiler.PhysicalPath = "..\..\PatientFacingAppEpic\"
		Debug.AspNetCompiler.TargetPath = "PrecompiledWeb\localhost_65042\"
		Debug.AspNetCompiler.Updateable = "true"
		Debug.AspNetCompiler.ForceOverwrite = "true"
		Debug.AspNetCompiler.FixedNames = "false"
		Debug.AspNetCompiler.Debug = "True"
		Release.AspNetCompiler.VirtualPath = "/localhost_65042"
		Release.AspNetCompiler.PhysicalPath = "..\..\PatientFacingAppEpic\"
		Release.AspNetCompiler.TargetPath = "PrecompiledWeb\localhost_65042\"
		Release.AspNetCompiler.Updateable = "true"
		Release.AspNetCompiler.ForceOverwrite = "true"
		Release.AspNetCompiler.FixedNames = "false"
		Release.AspNetCompiler.Debug = "False"
		VWDPort = "65042"
	EndProjectSection
EndProject
Global
	GlobalSection(SolutionConfigurationPlatforms) = preSolution
		Debug|Any CPU = Debug|Any CPU
	EndGlobalSection
	GlobalSection(ProjectConfigurationPlatforms) = postSolution
		{328E46CE-A840-4D75-8588-C8E899C50FBC}.Debug|Any CPU.ActiveCfg = Debug|Any CPU
		{328E46CE-A840-4D75-8588-C8E899C50FBC}.Debug|Any CPU.Build.0 = Debug|Any CPU
	EndGlobalSection
	GlobalSection(SolutionProperties) = preSolution
		HideSolutionNode = FALSE
	EndGlobalSection
	GlobalSection(ExtensibilityGlobals) = postSolution
		SolutionGuid = {7FC9839B-1771-42AD-89E4-50729123ADDE}
	EndGlobalSection
EndGlobal
